
Microsoft Visual Studio Solution File, Format Version 12.00
# Visual Studio Version 16
VisualStudioVersion = 16.0.31005.135
MinimumVisualStudioVersion = 10.0.40219.1
Project("{FAE04EC0-301F-11D3-BF4B-00C04F79EFBC}") = "Tranzact.Search", "Tranzact.Search\Tranzact.Search.csproj", "{FA15D6D3-9BBB-4871-B1CA-8467FED2A76C}"
EndProject
Project("{FAE04EC0-301F-11D3-BF4B-00C04F79EFBC}") = "SearchFight.Test", "SearchFight.Test\SearchFight.Test.csproj", "{9251741D-82C2-4021-A7DF-2B097B9C7492}"
EndProject
Global
	GlobalSection(SolutionConfigurationPlatforms) = preSolution
		Debug|Any CPU = Debug|Any CPU
		Release|Any CPU = Release|Any CPU
	EndGlobalSection
	GlobalSection(ProjectConfigurationPlatforms) = postSolution
		{FA15D6D3-9BBB-4871-B1CA-8467FED2A76C}.Debug|Any CPU.ActiveCfg = Debug|Any CPU
		{FA15D6D3-9BBB-4871-B1CA-8467FED2A76C}.Debug|Any CPU.Build.0 = Debug|Any CPU
		{FA15D6D3-9BBB-4871-B1CA-8467FED2A76C}.Release|Any CPU.ActiveCfg = Release|Any CPU
		{FA15D6D3-9BBB-4871-B1CA-8467FED2A76C}.Release|Any CPU.Build.0 = Release|Any CPU
		{9251741D-82C2-4021-A7DF-2B097B9C7492}.Debug|Any CPU.ActiveCfg = Debug|Any CPU
		{9251741D-82C2-4021-A7DF-2B097B9C7492}.Debug|Any CPU.Build.0 = Debug|Any CPU
		{9251741D-82C2-4021-A7DF-2B097B9C7492}.Release|Any CPU.ActiveCfg = Release|Any CPU
		{9251741D-82C2-4021-A7DF-2B097B9C7492}.Release|Any CPU.Build.0 = Release|Any CPU
	EndGlobalSection
	GlobalSection(SolutionProperties) = preSolution
		HideSolutionNode = FALSE
	EndGlobalSection
	GlobalSection(ExtensibilityGlobals) = postSolution
		SolutionGuid = {234FF7B7-DC12-4B65-88CC-C6D399954BEA}
	EndGlobalSection
EndGlobal
